
Microsoft Visual Studio Solution File, Format Version 12.00
# Visual Studio Version 17
VisualStudioVersion = 17.9.34616.47
MinimumVisualStudioVersion = 10.0.40219.1
Project("{8BC9CEB8-8B4A-11D0-8D11-00A0C91BC942}") = "UCP1PROCEDURAL", "UCP1PROCEDURAL\UCP1PROCEDURAL.vcxproj", "{3392B9F3-B59D-4D29-9A09-CC51F30DE231}"
EndProject
Global
	GlobalSection(SolutionConfigurationPlatforms) = preSolution
		Debug|x64 = Debug|x64
		Debug|x86 = Debug|x86
		Release|x64 = Release|x64
		Release|x86 = Release|x86
	EndGlobalSection
	GlobalSection(ProjectConfigurationPlatforms) = postSolution
		{3392B9F3-B59D-4D29-9A09-CC51F30DE231}.Debug|x64.ActiveCfg = Debug|x64
		{3392B9F3-B59D-4D29-9A09-CC51F30DE231}.Debug|x64.Build.0 = Debug|x64
		{3392B9F3-B59D-4D29-9A09-CC51F30DE231}.Debug|x86.ActiveCfg = Debug|Win32
		{3392B9F3-B59D-4D29-9A09-CC51F30DE231}.Debug|x86.Build.0 = Debug|Win32
		{3392B9F3-B59D-4D29-9A09-CC51F30DE231}.Release|x64.ActiveCfg = Release|x64
		{3392B9F3-B59D-4D29-9A09-CC51F30DE231}.Release|x64.Build.0 = Release|x64
		{3392B9F3-B59D-4D29-9A09-CC51F30DE231}.Release|x86.ActiveCfg = Release|Win32
		{3392B9F3-B59D-4D29-9A09-CC51F30DE231}.Release|x86.Build.0 = Release|Win32
	EndGlobalSection
	GlobalSection(SolutionProperties) = preSolution
		HideSolutionNode = FALSE
	EndGlobalSection
	GlobalSection(ExtensibilityGlobals) = postSolution
		SolutionGuid = {2F7A60B8-BE90-4310-9893-F77AB0435DA6}
	EndGlobalSection
EndGlobal
